
Microsoft Visual Studio Solution File, Format Version 12.00
# Visual Studio Version 17
VisualStudioVersion = 17.0.31825.309
MinimumVisualStudioVersion = 10.0.40219.1
Project("{FAE04EC0-301F-11D3-BF4B-00C04F79EFBC}") = "OpenCmd", "OpenCmd\OpenCmd.csproj", "{2E29846A-59F7-4C52-AA18-54FABF69715A}"
EndProject
Global
	GlobalSection(SolutionConfigurationPlatforms) = preSolution
		Debug|Any CPU = Debug|Any CPU
		Debug|x86 = Debug|x86
		Release|Any CPU = Release|Any CPU
		Release|x86 = Release|x86
	EndGlobalSection
	GlobalSection(ProjectConfigurationPlatforms) = postSolution
		{2E29846A-59F7-4C52-AA18-54FABF69715A}.Debug|Any CPU.ActiveCfg = Debug|Any CPU
		{2E29846A-59F7-4C52-AA18-54FABF69715A}.Debug|Any CPU.Build.0 = Debug|Any CPU
		{2E29846A-59F7-4C52-AA18-54FABF69715A}.Debug|x86.ActiveCfg = Debug|x86
		{2E29846A-59F7-4C52-AA18-54FABF69715A}.Debug|x86.Build.0 = Debug|x86
		{2E29846A-59F7-4C52-AA18-54FABF69715A}.Release|Any CPU.ActiveCfg = Release|Any CPU
		{2E29846A-59F7-4C52-AA18-54FABF69715A}.Release|Any CPU.Build.0 = Release|Any CPU
		{2E29846A-59F7-4C52-AA18-54FABF69715A}.Release|x86.ActiveCfg = Release|x86
		{2E29846A-59F7-4C52-AA18-54FABF69715A}.Release|x86.Build.0 = Release|x86
	EndGlobalSection
	GlobalSection(SolutionProperties) = preSolution
		HideSolutionNode = FALSE
	EndGlobalSection
	GlobalSection(ExtensibilityGlobals) = postSolution
		SolutionGuid = {61841F1C-C5B6-46A9-8FC8-6F5D64E308EC}
	EndGlobalSection
EndGlobal
